
Microsoft Visual Studio Solution File, Format Version 12.00
# Visual Studio Version 17
VisualStudioVersion = 17.9.34723.18
MinimumVisualStudioVersion = 10.0.40219.1
Project("{2150E333-8FDC-42A3-9474-1A3956D46DE8}") = "Core", "Core", "{09856A40-F2D7-4BDD-B663-E1D0FD49E594}"
EndProject
Project("{2150E333-8FDC-42A3-9474-1A3956D46DE8}") = "Infra", "Infra", "{9622F419-EA10-4EF4-874C-EB62A9C2CB1F}"
EndProject
Project("{2150E333-8FDC-42A3-9474-1A3956D46DE8}") = "Presentation", "Presentation", "{1F241468-893A-49BC-859B-2903B5917501}"
EndProject
Project("{9A19103F-16F7-4668-BE54-9A1E7A4F7556}") = "VixCoin.Infra", "Infra\VixCoin.Infra\VixCoin.Infra.csproj", "{EA1363C5-D8D6-4B7A-9A36-530F4EB5F4B0}"
EndProject
Project("{9A19103F-16F7-4668-BE54-9A1E7A4F7556}") = "VixCoin.Application", "Core\VixCoin.Application\VixCoin.Application.csproj", "{FDBDB629-A460-443A-8AD4-4BCB8BDE5668}"
EndProject
Project("{9A19103F-16F7-4668-BE54-9A1E7A4F7556}") = "VixCoin.Core", "Core\VixCoin.Domain\VixCoin.Core.csproj", "{9B7B568E-4D4C-440F-AF5B-9773CDBA1AF3}"
EndProject
Project("{2150E333-8FDC-42A3-9474-1A3956D46DE8}") = "Admin", "Admin", "{C811AF44-7437-4D0C-80AE-173874A506D6}"
EndProject
Project("{2150E333-8FDC-42A3-9474-1A3956D46DE8}") = "Api", "Api", "{112791B2-020F-4870-80B8-3F3EA45104E3}"
EndProject
Project("{2150E333-8FDC-42A3-9474-1A3956D46DE8}") = "Showcase", "Showcase", "{57DD99B8-A0E0-41B4-BF8C-301A5FF53B90}"
EndProject
Project("{9A19103F-16F7-4668-BE54-9A1E7A4F7556}") = "VixCoin.Api", "Presentation\Api\VixCoin.Api\VixCoin.Api.csproj", "{2DD0D432-641E-4C06-91D3-AD7517A60FB3}"
EndProject
Project("{9A19103F-16F7-4668-BE54-9A1E7A4F7556}") = "VixCoin.Ssr", "Presentation\Showcase\VixCoin.Ssr\VixCoin.Ssr.csproj", "{FA1BC7F6-DE7C-44E9-8F97-550DCCE84A23}"
EndProject
Project("{9A19103F-16F7-4668-BE54-9A1E7A4F7556}") = "VixCoin.Spa", "Presentation\Admin\VixCoin.Spa\VixCoin.Spa.csproj", "{5F1EACE9-F650-4D88-B65A-22853EA9703A}"
EndProject
Global
	GlobalSection(SolutionConfigurationPlatforms) = preSolution
		Debug|Any CPU = Debug|Any CPU
		Release|Any CPU = Release|Any CPU
	EndGlobalSection
	GlobalSection(ProjectConfigurationPlatforms) = postSolution
		{EA1363C5-D8D6-4B7A-9A36-530F4EB5F4B0}.Debug|Any CPU.ActiveCfg = Debug|Any CPU
		{EA1363C5-D8D6-4B7A-9A36-530F4EB5F4B0}.Debug|Any CPU.Build.0 = Debug|Any CPU
		{EA1363C5-D8D6-4B7A-9A36-530F4EB5F4B0}.Release|Any CPU.ActiveCfg = Release|Any CPU
		{EA1363C5-D8D6-4B7A-9A36-530F4EB5F4B0}.Release|Any CPU.Build.0 = Release|Any CPU
		{FDBDB629-A460-443A-8AD4-4BCB8BDE5668}.Debug|Any CPU.ActiveCfg = Debug|Any CPU
		{FDBDB629-A460-443A-8AD4-4BCB8BDE5668}.Debug|Any CPU.Build.0 = Debug|Any CPU
		{FDBDB629-A460-443A-8AD4-4BCB8BDE5668}.Release|Any CPU.ActiveCfg = Release|Any CPU
		{FDBDB629-A460-443A-8AD4-4BCB8BDE5668}.Release|Any CPU.Build.0 = Release|Any CPU
		{9B7B568E-4D4C-440F-AF5B-9773CDBA1AF3}.Debug|Any CPU.ActiveCfg = Debug|Any CPU
		{9B7B568E-4D4C-440F-AF5B-9773CDBA1AF3}.Debug|Any CPU.Build.0 = Debug|Any CPU
		{9B7B568E-4D4C-440F-AF5B-9773CDBA1AF3}.Release|Any CPU.ActiveCfg = Release|Any CPU
		{9B7B568E-4D4C-440F-AF5B-9773CDBA1AF3}.Release|Any CPU.Build.0 = Release|Any CPU
		{2DD0D432-641E-4C06-91D3-AD7517A60FB3}.Debug|Any CPU.ActiveCfg = Debug|Any CPU
		{2DD0D432-641E-4C06-91D3-AD7517A60FB3}.Debug|Any CPU.Build.0 = Debug|Any CPU
		{2DD0D432-641E-4C06-91D3-AD7517A60FB3}.Release|Any CPU.ActiveCfg = Release|Any CPU
		{2DD0D432-641E-4C06-91D3-AD7517A60FB3}.Release|Any CPU.Build.0 = Release|Any CPU
		{FA1BC7F6-DE7C-44E9-8F97-550DCCE84A23}.Debug|Any CPU.ActiveCfg = Debug|Any CPU
		{FA1BC7F6-DE7C-44E9-8F97-550DCCE84A23}.Debug|Any CPU.Build.0 = Debug|Any CPU
		{FA1BC7F6-DE7C-44E9-8F97-550DCCE84A23}.Release|Any CPU.ActiveCfg = Release|Any CPU
		{FA1BC7F6-DE7C-44E9-8F97-550DCCE84A23}.Release|Any CPU.Build.0 = Release|Any CPU
		{5F1EACE9-F650-4D88-B65A-22853EA9703A}.Debug|Any CPU.ActiveCfg = Debug|Any CPU
		{5F1EACE9-F650-4D88-B65A-22853EA9703A}.Debug|Any CPU.Build.0 = Debug|Any CPU
		{5F1EACE9-F650-4D88-B65A-22853EA9703A}.Release|Any CPU.ActiveCfg = Release|Any CPU
		{5F1EACE9-F650-4D88-B65A-22853EA9703A}.Release|Any CPU.Build.0 = Release|Any CPU
	EndGlobalSection
	GlobalSection(SolutionProperties) = preSolution
		HideSolutionNode = FALSE
	EndGlobalSection
	GlobalSection(NestedProjects) = preSolution
		{EA1363C5-D8D6-4B7A-9A36-530F4EB5F4B0} = {9622F419-EA10-4EF4-874C-EB62A9C2CB1F}
		{FDBDB629-A460-443A-8AD4-4BCB8BDE5668} = {09856A40-F2D7-4BDD-B663-E1D0FD49E594}
		{9B7B568E-4D4C-440F-AF5B-9773CDBA1AF3} = {09856A40-F2D7-4BDD-B663-E1D0FD49E594}
		{C811AF44-7437-4D0C-80AE-173874A506D6} = {1F241468-893A-49BC-859B-2903B5917501}
		{112791B2-020F-4870-80B8-3F3EA45104E3} = {1F241468-893A-49BC-859B-2903B5917501}
		{57DD99B8-A0E0-41B4-BF8C-301A5FF53B90} = {1F241468-893A-49BC-859B-2903B5917501}
		{2DD0D432-641E-4C06-91D3-AD7517A60FB3} = {112791B2-020F-4870-80B8-3F3EA45104E3}
		{FA1BC7F6-DE7C-44E9-8F97-550DCCE84A23} = {57DD99B8-A0E0-41B4-BF8C-301A5FF53B90}
		{5F1EACE9-F650-4D88-B65A-22853EA9703A} = {C811AF44-7437-4D0C-80AE-173874A506D6}
	EndGlobalSection
	GlobalSection(ExtensibilityGlobals) = postSolution
		SolutionGuid = {5329AA37-3B77-4831-8214-237719FDB7C1}
	EndGlobalSection
EndGlobal
